<?xml version="1.0" encoding="UTF-8"?>
<Scheme
   LastUpgradeVersion = "0630"
   version = "2.0">
   <BuildAction
      parallelizeBuildables = "YES"
      buildImplicitDependencies = "YES">
      <BuildActionEntries>
         <BuildActionEntry
            buildForTesting = "YES"
            buildForRunning = "YES"
            buildForProfiling = "YES"
            buildForArchiving = "YES"
            buildForAnalyzing = "YES">
            <BuildableReference
               BuildableIdentifier = "primary"
               BlueprintIdentifier = "42D0596E1AD92AB4009C9E0C"
               BuildableName = "WatchKitObjPush WatchKit App.app"
               BlueprintName = "WatchKitObjPush WatchKit App"
               ReferencedContainer = "container:WatchKitObjPush.xcodeproj">
            </BuildableReference>
         </BuildActionEntry>
         <BuildActionEntry
            buildForTesting = "YES"
            buildForRunning = "YES"
            buildForProfiling = "YES"
            buildForArchiving = "YES"
            buildForAnalyzing = "YES">
            <BuildableReference
               BuildableIdentifier = "primary"
               BlueprintIdentifier = "42D0595F1AD92AB4009C9E0C"
               BuildableName = "WatchKitObjPush WatchKit Extension.appex"
               BlueprintName = "WatchKitObjPush WatchKit Extension"
               ReferencedContainer = "container:WatchKitObjPush.xcodeproj">
            </BuildableReference>
         </BuildActionEntry>
         <BuildActionEntry
            buildForTesting = "YES"
            buildForRunning = "YES"
            buildForProfiling = "YES"
            buildForArchiving = "YES"
            buildForAnalyzing = "YES">
            <BuildableReference
               BuildableIdentifier = "primary"
               BlueprintIdentifier = "42D059321AD92AAC009C9E0C"
               BuildableName = "WatchKitObjPush.app"
               BlueprintName = "WatchKitObjPush"
               ReferencedContainer = "container:WatchKitObjPush.xcodeproj">
            </BuildableReference>
         </BuildActionEntry>
      </BuildActionEntries>
   </BuildAction>
   <TestAction
      selectedDebuggerIdentifier = "Xcode.DebuggerFoundation.Debugger.LLDB"
      selectedLauncherIdentifier = "Xcode.DebuggerFoundation.Launcher.LLDB"
      shouldUseLaunchSchemeArgsEnv = "YES"
      buildConfiguration = "Debug">
      <Testables>
      </Testables>
      <MacroExpansion>
         <BuildableReference
            BuildableIdentifier = "primary"
            BlueprintIdentifier = "42D0596E1AD92AB4009C9E0C"
            BuildableName = "WatchKitObjPush WatchKit App.app"
            BlueprintName = "WatchKitObjPush WatchKit App"
            ReferencedContainer = "container:WatchKitObjPush.xcodeproj">
         </BuildableReference>
      </MacroExpansion>
   </TestAction>
   <LaunchAction
      selectedDebuggerIdentifier = "Xcode.DebuggerFoundation.Debugger.LLDB"
      selectedLauncherIdentifier = "Xcode.DebuggerFoundation.Launcher.LLDB"
      launchStyle = "0"
      useCustomWorkingDirectory = "NO"
      buildConfiguration = "Debug"
      ignoresPersistentStateOnLaunch = "NO"
      debugDocumentVersioning = "YES"
      allowLocationSimulation = "YES"
      launchAutomaticallySubstyle = "8"
      notificationPayloadFile = "WatchKitObjPush WatchKit Extension/PushNotificationPayload.apns">
      <RemoteRunnable
         runnableDebuggingMode = "2"
         BundleIdentifier = "com.apple.springboard"
         RemotePath = "/WatchKitObjPush">
         <BuildableReference
            BuildableIdentifier = "primary"
            BlueprintIdentifier = "42D0596E1AD92AB4009C9E0C"
            BuildableName = "WatchKitObjPush WatchKit App.app"
            BlueprintName = "WatchKitObjPush WatchKit App"
            ReferencedContainer = "container:WatchKitObjPush.xcodeproj">
         </BuildableReference>
      </RemoteRunnable>
      <MacroExpansion>
         <BuildableReference
            BuildableIdentifier = "primary"
            BlueprintIdentifier = "42D0596E1AD92AB4009C9E0C"
            BuildableName = "WatchKitObjPush WatchKit App.app"
            BlueprintName = "WatchKitObjPush WatchKit App"
            ReferencedContainer = "container:WatchKitObjPush.xcodeproj">
         </BuildableReference>
      </MacroExpansion>
      <AdditionalOptions>
      </AdditionalOptions>
   </LaunchAction>
   <ProfileAction
      shouldUseLaunchSchemeArgsEnv = "YES"
      savedToolIdentifier = ""
      useCustomWorkingDirectory = "NO"
      buildConfiguration = "Release"
      debugDocumentVersioning = "YES"
      launchAutomaticallySubstyle = "8"
      notificationPayloadFile = "WatchKitObjPush WatchKit Extension/PushNotificationPayload.apns">
      <RemoteRunnable
         runnableDebuggingMode = "2"
         BundleIdentifier = "com.apple.springboard"
         RemotePath = "/WatchKitObjPush">
         <BuildableReference
            BuildableIdentifier = "primary"
            BlueprintIdentifier = "42D0596E1AD92AB4009C9E0C"
            BuildableName = "WatchKitObjPush WatchKit App.app"
            BlueprintName = "WatchKitObjPush WatchKit App"
            ReferencedContainer = "container:WatchKitObjPush.xcodeproj">
         </BuildableReference>
      </RemoteRunnable>
      <MacroExpansion>
         <BuildableReference
            BuildableIdentifier = "primary"
            BlueprintIdentifier = "42D0596E1AD92AB4009C9E0C"
            BuildableName = "WatchKitObjPush WatchKit App.app"
            BlueprintName = "WatchKitObjPush WatchKit App"
            ReferencedContainer = "container:WatchKitObjPush.xcodeproj">
         </BuildableReference>
      </MacroExpansion>
   </ProfileAction>
   <AnalyzeAction
      buildConfiguration = "Debug">
   </AnalyzeAction>
   <ArchiveAction
      buildConfiguration = "Release"
      revealArchiveInOrganizer = "YES">
   </ArchiveAction>
</Scheme>
